
Microsoft Visual Studio Solution File, Format Version 12.00
# Visual Studio Version 17
VisualStudioVersion = 17.3.32929.385
MinimumVisualStudioVersion = 10.0.40219.1
Project("{FAE04EC0-301F-11D3-BF4B-00C04F79EFBC}") = "StreamReader Program", "StreamReader Program\StreamReader Program.csproj", "{67E815DD-7698-4901-B114-D4E0F1BF3C64}"
EndProject
Global
	GlobalSection(SolutionConfigurationPlatforms) = preSolution
		Debug|Any CPU = Debug|Any CPU
		Release|Any CPU = Release|Any CPU
	EndGlobalSection
	GlobalSection(ProjectConfigurationPlatforms) = postSolution
		{67E815DD-7698-4901-B114-D4E0F1BF3C64}.Debug|Any CPU.ActiveCfg = Debug|Any CPU
		{67E815DD-7698-4901-B114-D4E0F1BF3C64}.Debug|Any CPU.Build.0 = Debug|Any CPU
		{67E815DD-7698-4901-B114-D4E0F1BF3C64}.Release|Any CPU.ActiveCfg = Release|Any CPU
		{67E815DD-7698-4901-B114-D4E0F1BF3C64}.Release|Any CPU.Build.0 = Release|Any CPU
	EndGlobalSection
	GlobalSection(SolutionProperties) = preSolution
		HideSolutionNode = FALSE
	EndGlobalSection
	GlobalSection(ExtensibilityGlobals) = postSolution
		SolutionGuid = {D56A604D-BD7E-4CE0-AEED-979362706B39}
	EndGlobalSection
EndGlobal
